// !$*UTF8*$!
{
	archiveVersion = 1;
	classes = {
	};
	objectVersion = 46;
	objects = {

/* Begin PBXBuildFile section */
		411146E01D06598E00466B84 /* AppDelegate.swift in Sources */ = {isa = PBXBuildFile; fileRef = 411146DF1D06598E00466B84 /* AppDelegate.swift */; };
		411146E21D06598E00466B84 /* TimerViewController.swift in Sources */ = {isa = PBXBuildFile; fileRef = 411146E11D06598E00466B84 /* TimerViewController.swift */; };
		411146E51D06598E00466B84 /* Main.storyboard in Resources */ = {isa = PBXBuildFile; fileRef = 411146E31D06598E00466B84 /* Main.storyboard */; };
		411146E71D06598E00466B84 /* Assets.xcassets in Resources */ = {isa = PBXBuildFile; fileRef = 411146E61D06598E00466B84 /* Assets.xcassets */; };
		411146EA1D06598E00466B84 /* LaunchScreen.storyboard in Resources */ = {isa = PBXBuildFile; fileRef = 411146E81D06598E00466B84 /* LaunchScreen.storyboard */; };
		411146F51D06598F00466B84 /* Random_RewardTests.swift in Sources */ = {isa = PBXBuildFile; fileRef = 411146F41D06598F00466B84 /* Random_RewardTests.swift */; };
/* End PBXBuildFile section */

/* Begin PBXContainerItemProxy section */
		411146F11D06598F00466B84 /* PBXContainerItemProxy */ = {
			isa = PBXContainerItemProxy;
			containerPortal = 411146D41D06598E00466B84 /* Project object */;
			proxyType = 1;
			remoteGlobalIDString = 411146DB1D06598E00466B84;
			remoteInfo = "Random Reward";
		};
/* End PBXContainerItemProxy section */

/* Begin PBXFileReference section */
		411146DC1D06598E00466B84 /* Random Reward.app */ = {isa = PBXFileReference; explicitFileType = wrapper.application; includeInIndex = 0; path = "Random Reward.app"; sourceTree = BUILT_PRODUCTS_DIR; };
		411146DF1D06598E00466B84 /* AppDelegate.swift */ = {isa = PBXFileReference; lastKnownFileType = sourcecode.swift; path = AppDelegate.swift; sourceTree = "<group>"; };
		411146E11D06598E00466B84 /* TimerViewController.swift */ = {isa = PBXFileReference; lastKnownFileType = sourcecode.swift; path = TimerViewController.swift; sourceTree = "<group>"; };
		411146E41D06598E00466B84 /* Base */ = {isa = PBXFileReference; lastKnownFileType = file.storyboard; name = Base; path = Base.lproj/Main.storyboard; sourceTree = "<group>"; };
		411146E61D06598E00466B84 /* Assets.xcassets */ = {isa = PBXFileReference; lastKnownFileType = folder.assetcatalog; path = Assets.xcassets; sourceTree = "<group>"; };
		411146E91D06598E00466B84 /* Base */ = {isa = PBXFileReference; lastKnownFileType = file.storyboard; name = Base; path = Base.lproj/LaunchScreen.storyboard; sourceTree = "<group>"; };
		411146EB1D06598E00466B84 /* Info.plist */ = {isa = PBXFileReference; lastKnownFileType = text.plist.xml; path = Info.plist; sourceTree = "<group>"; };
		411146F01D06598F00466B84 /* Random RewardTests.xctest */ = {isa = PBXFileReference; explicitFileType = wrapper.cfbundle; includeInIndex = 0; path = "Random RewardTests.xctest"; sourceTree = BUILT_PRODUCTS_DIR; };
		411146F41D06598F00466B84 /* Random_RewardTests.swift */ = {isa = PBXFileReference; lastKnownFileType = sourcecode.swift; path = Random_RewardTests.swift; sourceTree = "<group>"; };
		411146F61D06598F00466B84 /* Info.plist */ = {isa = PBXFileReference; lastKnownFileType = text.plist.xml; path = Info.plist; sourceTree = "<group>"; };
/* End PBXFileReference section */

/* Begin PBXFrameworksBuildPhase section */
		411146D91D06598E00466B84 /* Frameworks */ = {
			isa = PBXFrameworksBuildPhase;
			buildActionMask = 2147483647;
			files = (
			);
			runOnlyForDeploymentPostprocessing = 0;
		};
		411146ED1D06598F00466B84 /* Frameworks */ = {
			isa = PBXFrameworksBuildPhase;
			buildActionMask = 2147483647;
			files = (
			);
			runOnlyForDeploymentPostprocessing = 0;
		};
/* End PBXFrameworksBuildPhase section */

/* Begin PBXGroup section */
		411146D31D06598E00466B84 = {
			isa = PBXGroup;
			children = (
				411146DE1D06598E00466B84 /* Random Reward */,
				411146F31D06598F00466B84 /* Random RewardTests */,
				411146DD1D06598E00466B84 /* Products */,
			);
			sourceTree = "<group>";
		};
		411146DD1D06598E00466B84 /* Products */ = {
			isa = PBXGroup;
			children = (
				411146DC1D06598E00466B84 /* Random Reward.app */,
				411146F01D06598F00466B84 /* Random RewardTests.xctest */,
			);
			name = Products;
			sourceTree = "<group>";
		};
		411146DE1D06598E00466B84 /* Random Reward */ = {
			isa = PBXGroup;
			children = (
				411146DF1D06598E00466B84 /* AppDelegate.swift */,
				411146E11D06598E00466B84 /* TimerViewController.swift */,
				411146E31D06598E00466B84 /* Main.storyboard */,
				411146E61D06598E00466B84 /* Assets.xcassets */,
				411146E81D06598E00466B84 /* LaunchScreen.storyboard */,
				411146EB1D06598E00466B84 /* Info.plist */,
			);
			path = "Random Reward";
			sourceTree = "<group>";
		};
		411146F31D06598F00466B84 /* Random RewardTests */ = {
			isa = PBXGroup;
			children = (
				411146F41D06598F00466B84 /* Random_RewardTests.swift */,
				411146F61D06598F00466B84 /* Info.plist */,
			);
			path = "Random RewardTests";
			sourceTree = "<group>";
		};
/* End PBXGroup section */

/* Begin PBXNativeTarget section */
		411146DB1D06598E00466B84 /* Random Reward */ = {
			isa = PBXNativeTarget;
			buildConfigurationList = 411146F91D06598F00466B84 /* Build configuration list for PBXNativeTarget "Random Reward" */;
			buildPhases = (
				411146D81D06598E00466B84 /* Sources */,
				411146D91D06598E00466B84 /* Frameworks */,
				411146DA1D06598E00466B84 /* Resources */,
			);
			buildRules = (
			);
			dependencies = (
			);
			name = "Random Reward";
			productName = "Random Reward";
			productReference = 411146DC1D06598E00466B84 /* Random Reward.app */;
			productType = "com.apple.product-type.application";
		};
		411146EF1D06598F00466B84 /* Random RewardTests */ = {
			isa = PBXNativeTarget;
			buildConfigurationList = 411146FC1D06598F00466B84 /* Build configuration list for PBXNativeTarget "Random RewardTests" */;
			buildPhases = (
				411146EC1D06598F00466B84 /* Sources */,
				411146ED1D06598F00466B84 /* Frameworks */,
				411146EE1D06598F00466B84 /* Resources */,
			);
			buildRules = (
			);
			dependencies = (
				411146F21D06598F00466B84 /* PBXTargetDependency */,
			);
			name = "Random RewardTests";
			productName = "Random RewardTests";
			productReference = 411146F01D06598F00466B84 /* Random RewardTests.xctest */;
			productType = "com.apple.product-type.bundle.unit-test";
		};
/* End PBXNativeTarget section */

/* Begin PBXProject section */
		411146D41D06598E00466B84 /* Project object */ = {
			isa = PBXProject;
			attributes = {
				LastSwiftUpdateCheck = 0730;
				LastUpgradeCheck = 0730;
				ORGANIZATIONNAME = "Ravi Tadinada";
				TargetAttributes = {
					411146DB1D06598E00466B84 = {
						CreatedOnToolsVersion = 7.3.1;
					};
					411146EF1D06598F00466B84 = {
						CreatedOnToolsVersion = 7.3.1;
						TestTargetID = 411146DB1D06598E00466B84;
					};
				};
			};
			buildConfigurationList = 411146D71D06598E00466B84 /* Build configuration list for PBXProject "Random Reward" */;
			compatibilityVersion = "Xcode 3.2";
			developmentRegion = English;
			hasScannedForEncodings = 0;
			knownRegions = (
				en,
				Base,
			);
			mainGroup = 411146D31D06598E00466B84;
			productRefGroup = 411146DD1D06598E00466B84 /* Products */;
			projectDirPath = "";
			projectRoot = "";
			targets = (
				411146DB1D06598E00466B84 /* Random Reward */,
				411146EF1D06598F00466B84 /* Random RewardTests */,
			);
		};
/* End PBXProject section */

/* Begin PBXResourcesBuildPhase section */
		411146DA1D06598E00466B84 /* Resources */ = {
			isa = PBXResourcesBuildPhase;
			buildActionMask = 2147483647;
			files = (
				411146EA1D06598E00466B84 /* LaunchScreen.storyboard in Resources */,
				411146E71D06598E00466B84 /* Assets.xcassets in Resources */,
				411146E51D06598E00466B84 /* Main.storyboard in Resources */,
			);
			runOnlyForDeploymentPostprocessing = 0;
		};
		411146EE1D06598F00466B84 /* Resources */ = {
			isa = PBXResourcesBuildPhase;
			buildActionMask = 2147483647;
			files = (
			);
			runOnlyForDeploymentPostprocessing = 0;
		};
/* End PBXResourcesBuildPhase section */

/* Begin PBXSourcesBuildPhase section */
		411146D81D06598E00466B84 /* Sources */ = {
			isa = PBXSourcesBuildPhase;
			buildActionMask = 2147483647;
			files = (
				411146E21D06598E00466B84 /* TimerViewController.swift in Sources */,
				411146E01D06598E00466B84 /* AppDelegate.swift in Sources */,
			);
			runOnlyForDeploymentPostprocessing = 0;
		};
		411146EC1D06598F00466B84 /* Sources */ = {
			isa = PBXSourcesBuildPhase;
			buildActionMask = 2147483647;
			files = (
				411146F51D06598F00466B84 /* Random_RewardTests.swift in Sources */,
			);
			runOnlyForDeploymentPostprocessing = 0;
		};
/* End PBXSourcesBuildPhase section */

/* Begin PBXTargetDependency section */
		411146F21D06598F00466B84 /* PBXTargetDependency */ = {
			isa = PBXTargetDependency;
			target = 411146DB1D06598E00466B84 /* Random Reward */;
			targetProxy = 411146F11D06598F00466B84 /* PBXContainerItemProxy */;
		};
/* End PBXTargetDependency section */

/* Begin PBXVariantGroup section */
		411146E31D06598E00466B84 /* Main.storyboard */ = {
			isa = PBXVariantGroup;
			children = (
				411146E41D06598E00466B84 /* Base */,
			);
			name = Main.storyboard;
			sourceTree = "<group>";
		};
		411146E81D06598E00466B84 /* LaunchScreen.storyboard */ = {
			isa = PBXVariantGroup;
			children = (
				411146E91D06598E00466B84 /* Base */,
			);
			name = LaunchScreen.storyboard;
			sourceTree = "<group>";
		};
/* End PBXVariantGroup section */

/* Begin XCBuildConfiguration section */
		411146F71D06598F00466B84 /* Debug */ = {
			isa = XCBuildConfiguration;
			buildSettings = {
				ALWAYS_SEARCH_USER_PATHS = NO;
				CLANG_ANALYZER_NONNULL = YES;
				CLANG_CXX_LANGUAGE_STANDARD = "gnu++0x";
				CLANG_CXX_LIBRARY = "libc++";
				CLANG_ENABLE_MODULES = YES;
				CLANG_ENABLE_OBJC_ARC = YES;
				CLANG_WARN_BOOL_CONVERSION = YES;
				CLANG_WARN_CONSTANT_CONVERSION = YES;
				CLANG_WARN_DIRECT_OBJC_ISA_USAGE = YES_ERROR;
				CLANG_WARN_EMPTY_BODY = YES;
				CLANG_WARN_ENUM_CONVERSION = YES;
				CLANG_WARN_INT_CONVERSION = YES;
				CLANG_WARN_OBJC_ROOT_CLASS = YES_ERROR;
				CLANG_WARN_UNREACHABLE_CODE = YES;
				CLANG_WARN__DUPLICATE_METHOD_MATCH = YES;
				"CODE_SIGN_IDENTITY[sdk=iphoneos*]" = "iPhone Developer";
				COPY_PHASE_STRIP = NO;
				DEBUG_INFORMATION_FORMAT = dwarf;
				ENABLE_STRICT_OBJC_MSGSEND = YES;
				ENABLE_TESTABILITY = YES;
				GCC_C_LANGUAGE_STANDARD = gnu99;
				GCC_DYNAMIC_NO_PIC = NO;
				GCC_NO_COMMON_BLOCKS = YES;
				GCC_OPTIMIZATION_LEVEL = 0;
				GCC_PREPROCESSOR_DEFINITIONS = (
					"DEBUG=1",
					"$(inherited)",
				);
				GCC_WARN_64_TO_32_BIT_CONVERSION = YES;
				GCC_WARN_ABOUT_RETURN_TYPE = YES_ERROR;
				GCC_WARN_UNDECLARED_SELECTOR = YES;
				GCC_WARN_UNINITIALIZED_AUTOS = YES_AGGRESSIVE;
				GCC_WARN_UNUSED_FUNCTION = YES;
				GCC_WARN_UNUSED_VARIABLE = YES;
				IPHONEOS_DEPLOYMENT_TARGET = 9.3;
				MTL_ENABLE_DEBUG_INFO = YES;
				ONLY_ACTIVE_ARCH = YES;
				SDKROOT = iphoneos;
				SWIFT_OPTIMIZATION_LEVEL = "-Onone";
				TARGETED_DEVICE_FAMILY = "1,2";
			};
			name = Debug;
		};
		411146F81D06598F00466B84 /* Release */ = {
			isa = XCBuildConfiguration;
			buildSettings = {
				ALWAYS_SEARCH_USER_PATHS = NO;
				CLANG_ANALYZER_NONNULL = YES;
				CLANG_CXX_LANGUAGE_STANDARD = "gnu++0x";
				CLANG_CXX_LIBRARY = "libc++";
				CLANG_ENABLE_MODULES = YES;
				CLANG_ENABLE_OBJC_ARC = YES;
				CLANG_WARN_BOOL_CONVERSION = YES;
				CLANG_WARN_CONSTANT_CONVERSION = YES;
				CLANG_WARN_DIRECT_OBJC_ISA_USAGE = YES_ERROR;
				CLANG_WARN_EMPTY_BODY = YES;
				CLANG_WARN_ENUM_CONVERSION = YES;
				CLANG_WARN_INT_CONVERSION = YES;
				CLANG_WARN_OBJC_ROOT_CLASS = YES_ERROR;
				CLANG_WARN_UNREACHABLE_CODE = YES;
				CLANG_WARN__DUPLICATE_METHOD_MATCH = YES;
				"CODE_SIGN_IDENTITY[sdk=iphoneos*]" = "iPhone Developer";
				COPY_PHASE_STRIP = NO;
				DEBUG_INFORMATION_FORMAT = "dwarf-with-dsym";
				ENABLE_NS_ASSERTIONS = NO;
				ENABLE_STRICT_OBJC_MSGSEND = YES;
				GCC_C_LANGUAGE_STANDARD = gnu99;
				GCC_NO_COMMON_BLOCKS = YES;
				GCC_WARN_64_TO_32_BIT_CONVERSION = YES;
				GCC_WARN_ABOUT_RETURN_TYPE = YES_ERROR;
				GCC_WARN_UNDECLARED_SELECTOR = YES;
				GCC_WARN_UNINITIALIZED_AUTOS = YES_AGGRESSIVE;
				GCC_WARN_UNUSED_FUNCTION = YES;
				GCC_WARN_UNUSED_VARIABLE = YES;
				IPHONEOS_DEPLOYMENT_TARGET = 9.3;
				MTL_ENABLE_DEBUG_INFO = NO;
				SDKROOT = iphoneos;
				TARGETED_DEVICE_FAMILY = "1,2";
				VALIDATE_PRODUCT = YES;
			};
			name = Release;
		};
		411146FA1D06598F00466B84 /* Debug */ = {
			isa = XCBuildConfiguration;
			buildSettings = {
				ASSETCATALOG_COMPILER_APPICON_NAME = AppIcon;
				INFOPLIST_FILE = "Random Reward/Info.plist";
				LD_RUNPATH_SEARCH_PATHS = "$(inherited) @executable_path/Frameworks";
				PRODUCT_BUNDLE_IDENTIFIER = "com.example.Random-Reward";
				PRODUCT_NAME = "$(TARGET_NAME)";
			};
			name = Debug;
		};
		411146FB1D06598F00466B84 /* Release */ = {
			isa = XCBuildConfiguration;
			buildSettings = {
				ASSETCATALOG_COMPILER_APPICON_NAME = AppIcon;
				INFOPLIST_FILE = "Random Reward/Info.plist";
				LD_RUNPATH_SEARCH_PATHS = "$(inherited) @executable_path/Frameworks";
				PRODUCT_BUNDLE_IDENTIFIER = "com.example.Random-Reward";
				PRODUCT_NAME = "$(TARGET_NAME)";
			};
			name = Release;
		};
		411146FD1D06598F00466B84 /* Debug */ = {
			isa = XCBuildConfiguration;
			buildSettings = {
				BUNDLE_LOADER = "$(TEST_HOST)";
				INFOPLIST_FILE = "Random RewardTests/Info.plist";
				LD_RUNPATH_SEARCH_PATHS = "$(inherited) @executable_path/Frameworks @loader_path/Frameworks";
				PRODUCT_BUNDLE_IDENTIFIER = "com.example.Random-RewardTests";
				PRODUCT_NAME = "$(TARGET_NAME)";
				TEST_HOST = "$(BUILT_PRODUCTS_DIR)/Random Reward.app/Random Reward";
			};
			name = Debug;
		};
		411146FE1D06598F00466B84 /* Release */ = {
			isa = XCBuildConfiguration;
			buildSettings = {
				BUNDLE_LOADER = "$(TEST_HOST)";
				INFOPLIST_FILE = "Random RewardTests/Info.plist";
				LD_RUNPATH_SEARCH_PATHS = "$(inherited) @executable_path/Frameworks @loader_path/Frameworks";
				PRODUCT_BUNDLE_IDENTIFIER = "com.example.Random-RewardTests";
				PRODUCT_NAME = "$(TARGET_NAME)";
				TEST_HOST = "$(BUILT_PRODUCTS_DIR)/Random Reward.app/Random Reward";
			};
			name = Release;
		};
/* End XCBuildConfiguration section */

/* Begin XCConfigurationList section */
		411146D71D06598E00466B84 /* Build configuration list for PBXProject "Random Reward" */ = {
			isa = XCConfigurationList;
			buildConfigurations = (
				411146F71D06598F00466B84 /* Debug */,
				411146F81D06598F00466B84 /* Release */,
			);
			defaultConfigurationIsVisible = 0;
			defaultConfigurationName = Release;
		};
		411146F91D06598F00466B84 /* Build configuration list for PBXNativeTarget "Random Reward" */ = {
			isa = XCConfigurationList;
			buildConfigurations = (
				411146FA1D06598F00466B84 /* Debug */,
				411146FB1D06598F00466B84 /* Release */,
			);
			defaultConfigurationIsVisible = 0;
		};
		411146FC1D06598F00466B84 /* Build configuration list for PBXNativeTarget "Random RewardTests" */ = {
			isa = XCConfigurationList;
			buildConfigurations = (
				411146FD1D06598F00466B84 /* Debug */,
				411146FE1D06598F00466B84 /* Release */,
			);
			defaultConfigurationIsVisible = 0;
		};
/* End XCConfigurationList section */
	};
	rootObject = 411146D41D06598E00466B84 /* Project object */;
}
